// !$*UTF8*$!
{
	archiveVersion = 1;
	classes = {
	};
	objectVersion = 56;
	objects = {

/* Begin PBXBuildFile section */
		2A8FC1752BE78635006B3ADE /* Main.storyboard in Resources */ = {isa = PBXBuildFile; fileRef = 2A8FC1742BE78635006B3ADE /* Main.storyboard */; };
		2A8FC1772BE78640006B3ADE /* LaunchScreen.storyboard in Resources */ = {isa = PBXBuildFile; fileRef = 2A8FC1762BE78640006B3ADE /* LaunchScreen.storyboard */; };
		2AF485B82BE73C5A005F01D1 /* ecoeatApp.swift in Sources */ = {isa = PBXBuildFile; fileRef = 2AF485B72BE73C5A005F01D1 /* ecoeatApp.swift */; };
		2AF485BA2BE73C5A005F01D1 /* ContentView.swift in Sources */ = {isa = PBXBuildFile; fileRef = 2AF485B92BE73C5A005F01D1 /* ContentView.swift */; };
		2AF485BC2BE73C5D005F01D1 /* Assets.xcassets in Resources */ = {isa = PBXBuildFile; fileRef = 2AF485BB2BE73C5D005F01D1 /* Assets.xcassets */; };
		2AF485BF2BE73C5D005F01D1 /* Preview Assets.xcassets in Resources */ = {isa = PBXBuildFile; fileRef = 2AF485BE2BE73C5D005F01D1 /* Preview Assets.xcassets */; };
		2AF485C62BE73CDE005F01D1 /* HomeView.swift in Sources */ = {isa = PBXBuildFile; fileRef = 2AF485C52BE73CDE005F01D1 /* HomeView.swift */; };
		2AF485C82BE73D26005F01D1 /* TinderView.swift in Sources */ = {isa = PBXBuildFile; fileRef = 2AF485C72BE73D26005F01D1 /* TinderView.swift */; };
		2AF485CA2BE73D3A005F01D1 /* MenuView.swift in Sources */ = {isa = PBXBuildFile; fileRef = 2AF485C92BE73D3A005F01D1 /* MenuView.swift */; };
		2AF485CC2BE73D5C005F01D1 /* RecipesView.swift in Sources */ = {isa = PBXBuildFile; fileRef = 2AF485CB2BE73D5C005F01D1 /* RecipesView.swift */; };
		2AF485CF2BE74328005F01D1 /* ObjectDetector.mlmodel in Sources */ = {isa = PBXBuildFile; fileRef = 2AF485CE2BE74328005F01D1 /* ObjectDetector.mlmodel */; };
		2AF485D12BE74346005F01D1 /* AppDelegate.swift in Sources */ = {isa = PBXBuildFile; fileRef = 2AF485D02BE74346005F01D1 /* AppDelegate.swift */; };
		2AF485D32BE74378005F01D1 /* SceneDelegate.swift in Sources */ = {isa = PBXBuildFile; fileRef = 2AF485D22BE74378005F01D1 /* SceneDelegate.swift */; };
		2AF485D52BE74383005F01D1 /* ViewController.swift in Sources */ = {isa = PBXBuildFile; fileRef = 2AF485D42BE74383005F01D1 /* ViewController.swift */; };
		2AF485D72BE74393005F01D1 /* ResultsViewController.swift in Sources */ = {isa = PBXBuildFile; fileRef = 2AF485D62BE74392005F01D1 /* ResultsViewController.swift */; };
		2AF485D92BE7439C005F01D1 /* ListViewController.swift in Sources */ = {isa = PBXBuildFile; fileRef = 2AF485D82BE7439C005F01D1 /* ListViewController.swift */; };
		2AF485DB2BE743A4005F01D1 /* RecipeStepsViewController.swift in Sources */ = {isa = PBXBuildFile; fileRef = 2AF485DA2BE743A4005F01D1 /* RecipeStepsViewController.swift */; };
		2AF486202BE773A0005F01D1 /* ViewControllerRepresentable.swift in Sources */ = {isa = PBXBuildFile; fileRef = 2AF4861F2BE773A0005F01D1 /* ViewControllerRepresentable.swift */; };
/* End PBXBuildFile section */

/* Begin PBXFileReference section */
		2A8FC1742BE78635006B3ADE /* Main.storyboard */ = {isa = PBXFileReference; fileEncoding = 4; lastKnownFileType = file.storyboard; path = Main.storyboard; sourceTree = "<group>"; };
		2A8FC1762BE78640006B3ADE /* LaunchScreen.storyboard */ = {isa = PBXFileReference; fileEncoding = 4; lastKnownFileType = file.storyboard; path = LaunchScreen.storyboard; sourceTree = "<group>"; };
		2AF485B42BE73C5A005F01D1 /* ecoeat.app */ = {isa = PBXFileReference; explicitFileType = wrapper.application; includeInIndex = 0; path = ecoeat.app; sourceTree = BUILT_PRODUCTS_DIR; };
		2AF485B72BE73C5A005F01D1 /* ecoeatApp.swift */ = {isa = PBXFileReference; lastKnownFileType = sourcecode.swift; path = ecoeatApp.swift; sourceTree = "<group>"; };
		2AF485B92BE73C5A005F01D1 /* ContentView.swift */ = {isa = PBXFileReference; lastKnownFileType = sourcecode.swift; path = ContentView.swift; sourceTree = "<group>"; };
		2AF485BB2BE73C5D005F01D1 /* Assets.xcassets */ = {isa = PBXFileReference; lastKnownFileType = folder.assetcatalog; path = Assets.xcassets; sourceTree = "<group>"; };
		2AF485BE2BE73C5D005F01D1 /* Preview Assets.xcassets */ = {isa = PBXFileReference; lastKnownFileType = folder.assetcatalog; path = "Preview Assets.xcassets"; sourceTree = "<group>"; };
		2AF485C52BE73CDE005F01D1 /* HomeView.swift */ = {isa = PBXFileReference; lastKnownFileType = sourcecode.swift; path = HomeView.swift; sourceTree = "<group>"; };
		2AF485C72BE73D26005F01D1 /* TinderView.swift */ = {isa = PBXFileReference; lastKnownFileType = sourcecode.swift; path = TinderView.swift; sourceTree = "<group>"; };
		2AF485C92BE73D3A005F01D1 /* MenuView.swift */ = {isa = PBXFileReference; lastKnownFileType = sourcecode.swift; path = MenuView.swift; sourceTree = "<group>"; };
		2AF485CB2BE73D5C005F01D1 /* RecipesView.swift */ = {isa = PBXFileReference; lastKnownFileType = sourcecode.swift; path = RecipesView.swift; sourceTree = "<group>"; };
		2AF485CE2BE74328005F01D1 /* ObjectDetector.mlmodel */ = {isa = PBXFileReference; lastKnownFileType = file.mlmodel; path = ObjectDetector.mlmodel; sourceTree = "<group>"; };
		2AF485D02BE74346005F01D1 /* AppDelegate.swift */ = {isa = PBXFileReference; fileEncoding = 4; lastKnownFileType = sourcecode.swift; path = AppDelegate.swift; sourceTree = "<group>"; };
		2AF485D22BE74378005F01D1 /* SceneDelegate.swift */ = {isa = PBXFileReference; fileEncoding = 4; lastKnownFileType = sourcecode.swift; path = SceneDelegate.swift; sourceTree = "<group>"; };
		2AF485D42BE74383005F01D1 /* ViewController.swift */ = {isa = PBXFileReference; fileEncoding = 4; lastKnownFileType = sourcecode.swift; path = ViewController.swift; sourceTree = "<group>"; };
		2AF485D62BE74392005F01D1 /* ResultsViewController.swift */ = {isa = PBXFileReference; fileEncoding = 4; lastKnownFileType = sourcecode.swift; path = ResultsViewController.swift; sourceTree = "<group>"; };
		2AF485D82BE7439C005F01D1 /* ListViewController.swift */ = {isa = PBXFileReference; fileEncoding = 4; lastKnownFileType = sourcecode.swift; path = ListViewController.swift; sourceTree = "<group>"; };
		2AF485DA2BE743A4005F01D1 /* RecipeStepsViewController.swift */ = {isa = PBXFileReference; fileEncoding = 4; lastKnownFileType = sourcecode.swift; path = RecipeStepsViewController.swift; sourceTree = "<group>"; };
		2AF4861F2BE773A0005F01D1 /* ViewControllerRepresentable.swift */ = {isa = PBXFileReference; lastKnownFileType = sourcecode.swift; path = ViewControllerRepresentable.swift; sourceTree = "<group>"; };
		2AF486292BE77B60005F01D1 /* Info.plist */ = {isa = PBXFileReference; fileEncoding = 4; lastKnownFileType = text.plist.xml; path = Info.plist; sourceTree = "<group>"; };
/* End PBXFileReference section */

/* Begin PBXFrameworksBuildPhase section */
		2AF485B12BE73C5A005F01D1 /* Frameworks */ = {
			isa = PBXFrameworksBuildPhase;
			buildActionMask = 2147483647;
			files = (
			);
			runOnlyForDeploymentPostprocessing = 0;
		};
/* End PBXFrameworksBuildPhase section */

/* Begin PBXGroup section */
		2AF485AB2BE73C5A005F01D1 = {
			isa = PBXGroup;
			children = (
				2AF486292BE77B60005F01D1 /* Info.plist */,
				2AF485CD2BE742C3005F01D1 /* TakingPictures */,
				2AF485B62BE73C5A005F01D1 /* ecoeat */,
				2AF485B52BE73C5A005F01D1 /* Products */,
			);
			sourceTree = "<group>";
		};
		2AF485B52BE73C5A005F01D1 /* Products */ = {
			isa = PBXGroup;
			children = (
				2AF485B42BE73C5A005F01D1 /* ecoeat.app */,
			);
			name = Products;
			sourceTree = "<group>";
		};
		2AF485B62BE73C5A005F01D1 /* ecoeat */ = {
			isa = PBXGroup;
			children = (
				2AF485B72BE73C5A005F01D1 /* ecoeatApp.swift */,
				2AF485B92BE73C5A005F01D1 /* ContentView.swift */,
				2AF485BB2BE73C5D005F01D1 /* Assets.xcassets */,
				2AF485BD2BE73C5D005F01D1 /* Preview Content */,
			);
			path = ecoeat;
			sourceTree = "<group>";
		};
		2AF485BD2BE73C5D005F01D1 /* Preview Content */ = {
			isa = PBXGroup;
			children = (
				2AF485BE2BE73C5D005F01D1 /* Preview Assets.xcassets */,
				2AF485C52BE73CDE005F01D1 /* HomeView.swift */,
				2AF485C72BE73D26005F01D1 /* TinderView.swift */,
				2AF485C92BE73D3A005F01D1 /* MenuView.swift */,
				2AF485CB2BE73D5C005F01D1 /* RecipesView.swift */,
				2AF4861F2BE773A0005F01D1 /* ViewControllerRepresentable.swift */,
			);
			path = "Preview Content";
			sourceTree = "<group>";
		};
		2AF485CD2BE742C3005F01D1 /* TakingPictures */ = {
			isa = PBXGroup;
			children = (
				2A8FC1762BE78640006B3ADE /* LaunchScreen.storyboard */,
				2A8FC1742BE78635006B3ADE /* Main.storyboard */,
				2AF485CE2BE74328005F01D1 /* ObjectDetector.mlmodel */,
				2AF485D02BE74346005F01D1 /* AppDelegate.swift */,
				2AF485D22BE74378005F01D1 /* SceneDelegate.swift */,
				2AF485D42BE74383005F01D1 /* ViewController.swift */,
				2AF485D62BE74392005F01D1 /* ResultsViewController.swift */,
				2AF485D82BE7439C005F01D1 /* ListViewController.swift */,
				2AF485DA2BE743A4005F01D1 /* RecipeStepsViewController.swift */,
			);
			path = TakingPictures;
			sourceTree = "<group>";
		};
/* End PBXGroup section */

/* Begin PBXNativeTarget section */
		2AF485B32BE73C5A005F01D1 /* ecoeat */ = {
			isa = PBXNativeTarget;
			buildConfigurationList = 2AF485C22BE73C5D005F01D1 /* Build configuration list for PBXNativeTarget "ecoeat" */;
			buildPhases = (
				2AF485B02BE73C5A005F01D1 /* Sources */,
				2AF485B12BE73C5A005F01D1 /* Frameworks */,
				2AF485B22BE73C5A005F01D1 /* Resources */,
			);
			buildRules = (
			);
			dependencies = (
			);
			name = ecoeat;
			productName = ecoeat;
			productReference = 2AF485B42BE73C5A005F01D1 /* ecoeat.app */;
			productType = "com.apple.product-type.application";
		};
/* End PBXNativeTarget section */

/* Begin PBXProject section */
		2AF485AC2BE73C5A005F01D1 /* Project object */ = {
			isa = PBXProject;
			attributes = {
				BuildIndependentTargetsInParallel = 1;
				LastSwiftUpdateCheck = 1530;
				LastUpgradeCheck = 1530;
				TargetAttributes = {
					2AF485B32BE73C5A005F01D1 = {
						CreatedOnToolsVersion = 15.3;
					};
				};
			};
			buildConfigurationList = 2AF485AF2BE73C5A005F01D1 /* Build configuration list for PBXProject "ecoeat" */;
			compatibilityVersion = "Xcode 14.0";
			developmentRegion = en;
			hasScannedForEncodings = 0;
			knownRegions = (
				en,
				Base,
			);
			mainGroup = 2AF485AB2BE73C5A005F01D1;
			productRefGroup = 2AF485B52BE73C5A005F01D1 /* Products */;
			projectDirPath = "";
			projectRoot = "";
			targets = (
				2AF485B32BE73C5A005F01D1 /* ecoeat */,
			);
		};
/* End PBXProject section */

/* Begin PBXResourcesBuildPhase section */
		2AF485B22BE73C5A005F01D1 /* Resources */ = {
			isa = PBXResourcesBuildPhase;
			buildActionMask = 2147483647;
			files = (
				2A8FC1752BE78635006B3ADE /* Main.storyboard in Resources */,
				2A8FC1772BE78640006B3ADE /* LaunchScreen.storyboard in Resources */,
				2AF485BF2BE73C5D005F01D1 /* Preview Assets.xcassets in Resources */,
				2AF485BC2BE73C5D005F01D1 /* Assets.xcassets in Resources */,
			);
			runOnlyForDeploymentPostprocessing = 0;
		};
/* End PBXResourcesBuildPhase section */

/* Begin PBXSourcesBuildPhase section */
		2AF485B02BE73C5A005F01D1 /* Sources */ = {
			isa = PBXSourcesBuildPhase;
			buildActionMask = 2147483647;
			files = (
				2AF485D72BE74393005F01D1 /* ResultsViewController.swift in Sources */,
				2AF485D52BE74383005F01D1 /* ViewController.swift in Sources */,
				2AF485D92BE7439C005F01D1 /* ListViewController.swift in Sources */,
				2AF485D12BE74346005F01D1 /* AppDelegate.swift in Sources */,
				2AF485CF2BE74328005F01D1 /* ObjectDetector.mlmodel in Sources */,
				2AF486202BE773A0005F01D1 /* ViewControllerRepresentable.swift in Sources */,
				2AF485D32BE74378005F01D1 /* SceneDelegate.swift in Sources */,
				2AF485CA2BE73D3A005F01D1 /* MenuView.swift in Sources */,
				2AF485C82BE73D26005F01D1 /* TinderView.swift in Sources */,
				2AF485C62BE73CDE005F01D1 /* HomeView.swift in Sources */,
				2AF485DB2BE743A4005F01D1 /* RecipeStepsViewController.swift in Sources */,
				2AF485BA2BE73C5A005F01D1 /* ContentView.swift in Sources */,
				2AF485CC2BE73D5C005F01D1 /* RecipesView.swift in Sources */,
				2AF485B82BE73C5A005F01D1 /* ecoeatApp.swift in Sources */,
			);
			runOnlyForDeploymentPostprocessing = 0;
		};
/* End PBXSourcesBuildPhase section */

/* Begin XCBuildConfiguration section */
		2AF485C02BE73C5D005F01D1 /* Debug */ = {
			isa = XCBuildConfiguration;
			buildSettings = {
				ALWAYS_SEARCH_USER_PATHS = NO;
				ASSETCATALOG_COMPILER_GENERATE_SWIFT_ASSET_SYMBOL_EXTENSIONS = YES;
				CLANG_ANALYZER_NONNULL = YES;
				CLANG_ANALYZER_NUMBER_OBJECT_CONVERSION = YES_AGGRESSIVE;
				CLANG_CXX_LANGUAGE_STANDARD = "gnu++20";
				CLANG_ENABLE_MODULES = YES;
				CLANG_ENABLE_OBJC_ARC = YES;
				CLANG_ENABLE_OBJC_WEAK = YES;
				CLANG_WARN_BLOCK_CAPTURE_AUTORELEASING = YES;
				CLANG_WARN_BOOL_CONVERSION = YES;
				CLANG_WARN_COMMA = YES;
				CLANG_WARN_CONSTANT_CONVERSION = YES;
				CLANG_WARN_DEPRECATED_OBJC_IMPLEMENTATIONS = YES;
				CLANG_WARN_DIRECT_OBJC_ISA_USAGE = YES_ERROR;
				CLANG_WARN_DOCUMENTATION_COMMENTS = YES;
				CLANG_WARN_EMPTY_BODY = YES;
				CLANG_WARN_ENUM_CONVERSION = YES;
				CLANG_WARN_INFINITE_RECURSION = YES;
				CLANG_WARN_INT_CONVERSION = YES;
				CLANG_WARN_NON_LITERAL_NULL_CONVERSION = YES;
				CLANG_WARN_OBJC_IMPLICIT_RETAIN_SELF = YES;
				CLANG_WARN_OBJC_LITERAL_CONVERSION = YES;
				CLANG_WARN_OBJC_ROOT_CLASS = YES_ERROR;
				CLANG_WARN_QUOTED_INCLUDE_IN_FRAMEWORK_HEADER = YES;
				CLANG_WARN_RANGE_LOOP_ANALYSIS = YES;
				CLANG_WARN_STRICT_PROTOTYPES = YES;
				CLANG_WARN_SUSPICIOUS_MOVE = YES;
				CLANG_WARN_UNGUARDED_AVAILABILITY = YES_AGGRESSIVE;
				CLANG_WARN_UNREACHABLE_CODE = YES;
				CLANG_WARN__DUPLICATE_METHOD_MATCH = YES;
				COPY_PHASE_STRIP = NO;
				DEBUG_INFORMATION_FORMAT = dwarf;
				ENABLE_STRICT_OBJC_MSGSEND = YES;
				ENABLE_TESTABILITY = YES;
				ENABLE_USER_SCRIPT_SANDBOXING = YES;
				GCC_C_LANGUAGE_STANDARD = gnu17;
				GCC_DYNAMIC_NO_PIC = NO;
				GCC_NO_COMMON_BLOCKS = YES;
				GCC_OPTIMIZATION_LEVEL = 0;
				GCC_PREPROCESSOR_DEFINITIONS = (
					"DEBUG=1",
					"$(inherited)",
				);
				GCC_WARN_64_TO_32_BIT_CONVERSION = YES;
				GCC_WARN_ABOUT_RETURN_TYPE = YES_ERROR;
				GCC_WARN_UNDECLARED_SELECTOR = YES;
				GCC_WARN_UNINITIALIZED_AUTOS = YES_AGGRESSIVE;
				GCC_WARN_UNUSED_FUNCTION = YES;
				GCC_WARN_UNUSED_VARIABLE = YES;
				IPHONEOS_DEPLOYMENT_TARGET = 17.4;
				LOCALIZATION_PREFERS_STRING_CATALOGS = YES;
				MTL_ENABLE_DEBUG_INFO = INCLUDE_SOURCE;
				MTL_FAST_MATH = YES;
				ONLY_ACTIVE_ARCH = YES;
				SDKROOT = iphoneos;
				SWIFT_ACTIVE_COMPILATION_CONDITIONS = "DEBUG $(inherited)";
				SWIFT_OPTIMIZATION_LEVEL = "-Onone";
			};
			name = Debug;
		};
		2AF485C12BE73C5D005F01D1 /* Release */ = {
			isa = XCBuildConfiguration;
			buildSettings = {
				ALWAYS_SEARCH_USER_PATHS = NO;
				ASSETCATALOG_COMPILER_GENERATE_SWIFT_ASSET_SYMBOL_EXTENSIONS = YES;
				CLANG_ANALYZER_NONNULL = YES;
				CLANG_ANALYZER_NUMBER_OBJECT_CONVERSION = YES_AGGRESSIVE;
				CLANG_CXX_LANGUAGE_STANDARD = "gnu++20";
				CLANG_ENABLE_MODULES = YES;
				CLANG_ENABLE_OBJC_ARC = YES;
				CLANG_ENABLE_OBJC_WEAK = YES;
				CLANG_WARN_BLOCK_CAPTURE_AUTORELEASING = YES;
				CLANG_WARN_BOOL_CONVERSION = YES;
				CLANG_WARN_COMMA = YES;
				CLANG_WARN_CONSTANT_CONVERSION = YES;
				CLANG_WARN_DEPRECATED_OBJC_IMPLEMENTATIONS = YES;
				CLANG_WARN_DIRECT_OBJC_ISA_USAGE = YES_ERROR;
				CLANG_WARN_DOCUMENTATION_COMMENTS = YES;
				CLANG_WARN_EMPTY_BODY = YES;
				CLANG_WARN_ENUM_CONVERSION = YES;
				CLANG_WARN_INFINITE_RECURSION = YES;
				CLANG_WARN_INT_CONVERSION = YES;
				CLANG_WARN_NON_LITERAL_NULL_CONVERSION = YES;
				CLANG_WARN_OBJC_IMPLICIT_RETAIN_SELF = YES;
				CLANG_WARN_OBJC_LITERAL_CONVERSION = YES;
				CLANG_WARN_OBJC_ROOT_CLASS = YES_ERROR;
				CLANG_WARN_QUOTED_INCLUDE_IN_FRAMEWORK_HEADER = YES;
				CLANG_WARN_RANGE_LOOP_ANALYSIS = YES;
				CLANG_WARN_STRICT_PROTOTYPES = YES;
				CLANG_WARN_SUSPICIOUS_MOVE = YES;
				CLANG_WARN_UNGUARDED_AVAILABILITY = YES_AGGRESSIVE;
				CLANG_WARN_UNREACHABLE_CODE = YES;
				CLANG_WARN__DUPLICATE_METHOD_MATCH = YES;
				COPY_PHASE_STRIP = NO;
				DEBUG_INFORMATION_FORMAT = "dwarf-with-dsym";
				ENABLE_NS_ASSERTIONS = NO;
				ENABLE_STRICT_OBJC_MSGSEND = YES;
				ENABLE_USER_SCRIPT_SANDBOXING = YES;
				GCC_C_LANGUAGE_STANDARD = gnu17;
				GCC_NO_COMMON_BLOCKS = YES;
				GCC_WARN_64_TO_32_BIT_CONVERSION = YES;
				GCC_WARN_ABOUT_RETURN_TYPE = YES_ERROR;
				GCC_WARN_UNDECLARED_SELECTOR = YES;
				GCC_WARN_UNINITIALIZED_AUTOS = YES_AGGRESSIVE;
				GCC_WARN_UNUSED_FUNCTION = YES;
				GCC_WARN_UNUSED_VARIABLE = YES;
				IPHONEOS_DEPLOYMENT_TARGET = 17.4;
				LOCALIZATION_PREFERS_STRING_CATALOGS = YES;
				MTL_ENABLE_DEBUG_INFO = NO;
				MTL_FAST_MATH = YES;
				SDKROOT = iphoneos;
				SWIFT_COMPILATION_MODE = wholemodule;
				VALIDATE_PRODUCT = YES;
			};
			name = Release;
		};
		2AF485C32BE73C5D005F01D1 /* Debug */ = {
			isa = XCBuildConfiguration;
			buildSettings = {
				ASSETCATALOG_COMPILER_APPICON_NAME = AppIcon;
				ASSETCATALOG_COMPILER_GLOBAL_ACCENT_COLOR_NAME = AccentColor;
				CODE_SIGN_STYLE = Automatic;
				CURRENT_PROJECT_VERSION = 1;
				DEVELOPMENT_ASSET_PATHS = "\"ecoeat/Preview Content\"";
				DEVELOPMENT_TEAM = 58AL3RK7G7;
				ENABLE_PREVIEWS = YES;
				GENERATE_INFOPLIST_FILE = YES;
				INFOPLIST_KEY_NSCameraUsageDescription = "Used to scan produce";
				INFOPLIST_KEY_UIApplicationSceneManifest_Generation = YES;
				INFOPLIST_KEY_UIApplicationSupportsIndirectInputEvents = YES;
				INFOPLIST_KEY_UILaunchScreen_Generation = YES;
				INFOPLIST_KEY_UISupportedInterfaceOrientations_iPad = "UIInterfaceOrientationPortrait UIInterfaceOrientationPortraitUpsideDown UIInterfaceOrientationLandscapeLeft UIInterfaceOrientationLandscapeRight";
				INFOPLIST_KEY_UISupportedInterfaceOrientations_iPhone = "UIInterfaceOrientationPortrait UIInterfaceOrientationLandscapeLeft UIInterfaceOrientationLandscapeRight";
				LD_RUNPATH_SEARCH_PATHS = (
					"$(inherited)",
					"@executable_path/Frameworks",
				);
				MARKETING_VERSION = 1.0;
				PRODUCT_BUNDLE_IDENTIFIER = io.iosacademy.ecoeat;
				PRODUCT_NAME = "$(TARGET_NAME)";
				SWIFT_EMIT_LOC_STRINGS = YES;
				SWIFT_VERSION = 5.0;
				TARGETED_DEVICE_FAMILY = "1,2";
			};
			name = Debug;
		};
		2AF485C42BE73C5D005F01D1 /* Release */ = {
			isa = XCBuildConfiguration;
			buildSettings = {
				ASSETCATALOG_COMPILER_APPICON_NAME = AppIcon;
				ASSETCATALOG_COMPILER_GLOBAL_ACCENT_COLOR_NAME = AccentColor;
				CODE_SIGN_STYLE = Automatic;
				CURRENT_PROJECT_VERSION = 1;
				DEVELOPMENT_ASSET_PATHS = "\"ecoeat/Preview Content\"";
				DEVELOPMENT_TEAM = 58AL3RK7G7;
				ENABLE_PREVIEWS = YES;
				GENERATE_INFOPLIST_FILE = YES;
				INFOPLIST_KEY_NSCameraUsageDescription = "Used to scan produce";
				INFOPLIST_KEY_UIApplicationSceneManifest_Generation = YES;
				INFOPLIST_KEY_UIApplicationSupportsIndirectInputEvents = YES;
				INFOPLIST_KEY_UILaunchScreen_Generation = YES;
				INFOPLIST_KEY_UISupportedInterfaceOrientations_iPad = "UIInterfaceOrientationPortrait UIInterfaceOrientationPortraitUpsideDown UIInterfaceOrientationLandscapeLeft UIInterfaceOrientationLandscapeRight";
				INFOPLIST_KEY_UISupportedInterfaceOrientations_iPhone = "UIInterfaceOrientationPortrait UIInterfaceOrientationLandscapeLeft UIInterfaceOrientationLandscapeRight";
				LD_RUNPATH_SEARCH_PATHS = (
					"$(inherited)",
					"@executable_path/Frameworks",
				);
				MARKETING_VERSION = 1.0;
				PRODUCT_BUNDLE_IDENTIFIER = io.iosacademy.ecoeat;
				PRODUCT_NAME = "$(TARGET_NAME)";
				SWIFT_EMIT_LOC_STRINGS = YES;
				SWIFT_VERSION = 5.0;
				TARGETED_DEVICE_FAMILY = "1,2";
			};
			name = Release;
		};
/* End XCBuildConfiguration section */

/* Begin XCConfigurationList section */
		2AF485AF2BE73C5A005F01D1 /* Build configuration list for PBXProject "ecoeat" */ = {
			isa = XCConfigurationList;
			buildConfigurations = (
				2AF485C02BE73C5D005F01D1 /* Debug */,
				2AF485C12BE73C5D005F01D1 /* Release */,
			);
			defaultConfigurationIsVisible = 0;
			defaultConfigurationName = Release;
		};
		2AF485C22BE73C5D005F01D1 /* Build configuration list for PBXNativeTarget "ecoeat" */ = {
			isa = XCConfigurationList;
			buildConfigurations = (
				2AF485C32BE73C5D005F01D1 /* Debug */,
				2AF485C42BE73C5D005F01D1 /* Release */,
			);
			defaultConfigurationIsVisible = 0;
			defaultConfigurationName = Release;
		};
/* End XCConfigurationList section */
	};
	rootObject = 2AF485AC2BE73C5A005F01D1 /* Project object */;
}
